
Microsoft Visual Studio Solution File, Format Version 12.00
# Visual Studio Version 17
VisualStudioVersion = 17.0.31903.59
MinimumVisualStudioVersion = 10.0.40219.1
Project("{2150E333-8FDC-42A3-9474-1A3956D46DE8}") = "src", "src", "{B33F0B19-84BF-4C12-9C68-C09F6C9C57D8}"
EndProject
Project("{FAE04EC0-301F-11D3-BF4B-00C04F79EFBC}") = "CopyFiles.UI", "src\CopyFiles.UI\CopyFiles.UI.csproj", "{757177DE-E2D4-4BC3-876E-3ED2E4AB10C4}"
EndProject
Project("{FAE04EC0-301F-11D3-BF4B-00C04F79EFBC}") = "CopyFiles.Library", "src\CopyFiles.Library\CopyFiles.Library.csproj", "{7B8A5394-F718-4E2E-94E8-A4EC9E31355D}"
EndProject
Global
	GlobalSection(SolutionConfigurationPlatforms) = preSolution
		Debug|Any CPU = Debug|Any CPU
		Release|Any CPU = Release|Any CPU
	EndGlobalSection
	GlobalSection(SolutionProperties) = preSolution
		HideSolutionNode = FALSE
	EndGlobalSection
	GlobalSection(ProjectConfigurationPlatforms) = postSolution
		{757177DE-E2D4-4BC3-876E-3ED2E4AB10C4}.Debug|Any CPU.ActiveCfg = Debug|Any CPU
		{757177DE-E2D4-4BC3-876E-3ED2E4AB10C4}.Debug|Any CPU.Build.0 = Debug|Any CPU
		{757177DE-E2D4-4BC3-876E-3ED2E4AB10C4}.Release|Any CPU.ActiveCfg = Release|Any CPU
		{757177DE-E2D4-4BC3-876E-3ED2E4AB10C4}.Release|Any CPU.Build.0 = Release|Any CPU
		{7B8A5394-F718-4E2E-94E8-A4EC9E31355D}.Debug|Any CPU.ActiveCfg = Debug|Any CPU
		{7B8A5394-F718-4E2E-94E8-A4EC9E31355D}.Debug|Any CPU.Build.0 = Debug|Any CPU
		{7B8A5394-F718-4E2E-94E8-A4EC9E31355D}.Release|Any CPU.ActiveCfg = Release|Any CPU
		{7B8A5394-F718-4E2E-94E8-A4EC9E31355D}.Release|Any CPU.Build.0 = Release|Any CPU
	EndGlobalSection
	GlobalSection(NestedProjects) = preSolution
		{757177DE-E2D4-4BC3-876E-3ED2E4AB10C4} = {B33F0B19-84BF-4C12-9C68-C09F6C9C57D8}
		{7B8A5394-F718-4E2E-94E8-A4EC9E31355D} = {B33F0B19-84BF-4C12-9C68-C09F6C9C57D8}
	EndGlobalSection
EndGlobal
